
Microsoft Visual Studio Solution File, Format Version 12.00
# Visual Studio Version 17
VisualStudioVersion = 17.9.34902.65
MinimumVisualStudioVersion = 10.0.40219.1
Project("{2150E333-8FDC-42A3-9474-1A3956D46DE8}") = "Services", "Services", "{4D47B452-9712-4142-9204-A0872A018AE9}"
EndProject
Project("{9A19103F-16F7-4668-BE54-9A1E7A4F7556}") = "Client.Api", "src\Client.Api\Client.Api.csproj", "{3F692C9D-28DF-48AB-B706-A068655D7D1B}"
EndProject
Project("{9A19103F-16F7-4668-BE54-9A1E7A4F7556}") = "Client.Application", "src\Client.Application\Client.Application.csproj", "{92C399BB-BE8D-4779-895E-9F42F998C9FB}"
EndProject
Project("{9A19103F-16F7-4668-BE54-9A1E7A4F7556}") = "Client.Domain", "src\Client.Domain\Client.Domain.csproj", "{4EF00CD6-61E1-438A-8D30-7735BF00C9D6}"
EndProject
Project("{9A19103F-16F7-4668-BE54-9A1E7A4F7556}") = "Client.Infrastructure", "src\Client.Infrastructure\Client.Infrastructure.csproj", "{2B8D5B88-A3DC-4BD4-B5AF-ED447A7F32A7}"
EndProject
Project("{2150E333-8FDC-42A3-9474-1A3956D46DE8}") = "Presentation", "Presentation", "{987D98BF-9FB0-4220-B605-CDB28FB0C147}"
EndProject
Project("{9A19103F-16F7-4668-BE54-9A1E7A4F7556}") = "Client.Web", "src\Client.Web\Client.Web.csproj", "{720CC4D9-C84A-42D7-964B-E7AC470BFA97}"
EndProject
Project("{2150E333-8FDC-42A3-9474-1A3956D46DE8}") = "Gateway", "Gateway", "{9EC41B32-4507-4C08-AB2E-7150B5B6D740}"
EndProject
Project("{FAE04EC0-301F-11D3-BF4B-00C04F79EFBC}") = "Client.ApiGateway", "src\Client.ApiGateway\Client.ApiGateway.csproj", "{E89EAD74-8ABA-4454-9F30-D850869347FD}"
EndProject
Global
	GlobalSection(SolutionConfigurationPlatforms) = preSolution
		Debug|Any CPU = Debug|Any CPU
		Release|Any CPU = Release|Any CPU
	EndGlobalSection
	GlobalSection(ProjectConfigurationPlatforms) = postSolution
		{3F692C9D-28DF-48AB-B706-A068655D7D1B}.Debug|Any CPU.ActiveCfg = Debug|Any CPU
		{3F692C9D-28DF-48AB-B706-A068655D7D1B}.Debug|Any CPU.Build.0 = Debug|Any CPU
		{3F692C9D-28DF-48AB-B706-A068655D7D1B}.Release|Any CPU.ActiveCfg = Release|Any CPU
		{3F692C9D-28DF-48AB-B706-A068655D7D1B}.Release|Any CPU.Build.0 = Release|Any CPU
		{92C399BB-BE8D-4779-895E-9F42F998C9FB}.Debug|Any CPU.ActiveCfg = Debug|Any CPU
		{92C399BB-BE8D-4779-895E-9F42F998C9FB}.Debug|Any CPU.Build.0 = Debug|Any CPU
		{92C399BB-BE8D-4779-895E-9F42F998C9FB}.Release|Any CPU.ActiveCfg = Release|Any CPU
		{92C399BB-BE8D-4779-895E-9F42F998C9FB}.Release|Any CPU.Build.0 = Release|Any CPU
		{4EF00CD6-61E1-438A-8D30-7735BF00C9D6}.Debug|Any CPU.ActiveCfg = Debug|Any CPU
		{4EF00CD6-61E1-438A-8D30-7735BF00C9D6}.Debug|Any CPU.Build.0 = Debug|Any CPU
		{4EF00CD6-61E1-438A-8D30-7735BF00C9D6}.Release|Any CPU.ActiveCfg = Release|Any CPU
		{4EF00CD6-61E1-438A-8D30-7735BF00C9D6}.Release|Any CPU.Build.0 = Release|Any CPU
		{2B8D5B88-A3DC-4BD4-B5AF-ED447A7F32A7}.Debug|Any CPU.ActiveCfg = Debug|Any CPU
		{2B8D5B88-A3DC-4BD4-B5AF-ED447A7F32A7}.Debug|Any CPU.Build.0 = Debug|Any CPU
		{2B8D5B88-A3DC-4BD4-B5AF-ED447A7F32A7}.Release|Any CPU.ActiveCfg = Release|Any CPU
		{2B8D5B88-A3DC-4BD4-B5AF-ED447A7F32A7}.Release|Any CPU.Build.0 = Release|Any CPU
		{720CC4D9-C84A-42D7-964B-E7AC470BFA97}.Debug|Any CPU.ActiveCfg = Debug|Any CPU
		{720CC4D9-C84A-42D7-964B-E7AC470BFA97}.Debug|Any CPU.Build.0 = Debug|Any CPU
		{720CC4D9-C84A-42D7-964B-E7AC470BFA97}.Release|Any CPU.ActiveCfg = Release|Any CPU
		{720CC4D9-C84A-42D7-964B-E7AC470BFA97}.Release|Any CPU.Build.0 = Release|Any CPU
		{E89EAD74-8ABA-4454-9F30-D850869347FD}.Debug|Any CPU.ActiveCfg = Debug|Any CPU
		{E89EAD74-8ABA-4454-9F30-D850869347FD}.Debug|Any CPU.Build.0 = Debug|Any CPU
		{E89EAD74-8ABA-4454-9F30-D850869347FD}.Release|Any CPU.ActiveCfg = Release|Any CPU
		{E89EAD74-8ABA-4454-9F30-D850869347FD}.Release|Any CPU.Build.0 = Release|Any CPU
	EndGlobalSection
	GlobalSection(SolutionProperties) = preSolution
		HideSolutionNode = FALSE
	EndGlobalSection
	GlobalSection(NestedProjects) = preSolution
		{3F692C9D-28DF-48AB-B706-A068655D7D1B} = {4D47B452-9712-4142-9204-A0872A018AE9}
		{92C399BB-BE8D-4779-895E-9F42F998C9FB} = {4D47B452-9712-4142-9204-A0872A018AE9}
		{4EF00CD6-61E1-438A-8D30-7735BF00C9D6} = {4D47B452-9712-4142-9204-A0872A018AE9}
		{2B8D5B88-A3DC-4BD4-B5AF-ED447A7F32A7} = {4D47B452-9712-4142-9204-A0872A018AE9}
		{720CC4D9-C84A-42D7-964B-E7AC470BFA97} = {987D98BF-9FB0-4220-B605-CDB28FB0C147}
		{E89EAD74-8ABA-4454-9F30-D850869347FD} = {9EC41B32-4507-4C08-AB2E-7150B5B6D740}
	EndGlobalSection
	GlobalSection(ExtensibilityGlobals) = postSolution
		SolutionGuid = {45EC00E7-4D21-4E9C-A3B7-D5D1AC7B795F}
	EndGlobalSection
EndGlobal
